PODS:
  - FontAwesome.swift (1.1.1)
  - Realm (2.5.1):
    - Realm/Headers (= 2.5.1)
  - Realm/Headers (2.5.1)
  - RealmSwift (2.5.1):
    - Realm (= 2.5.1)

DEPENDENCIES:
  - FontAwesome.swift
  - RealmSwift

SPEC CHECKSUMS:
  FontAwesome.swift: f4ff5a9199dc3b510eba5bb377e834f159aef358
  Realm: 32f86104d37c8521f864d4274050b38ba6190733
  RealmSwift: f719e7511c902b8908593e8f143f59e47931bdb6

PODFILE CHECKSUM: 7ddc650976461ecdaef4125fd9afe081e0ffa966

COCOAPODS: 1.2.0
