// !$*UTF8*$!
{
	archiveVersion = 1;
	classes = {
	};
	objectVersion = 46;
	objects = {

/* Begin PBXBuildFile section */
		0FDDFE4122FA96F100759006 /* WordViewModel.swift in Sources */ = {isa = PBXBuildFile; fileRef = 0FDDFE4022FA96F100759006 /* WordViewModel.swift */; };
		631B79CC1C771E1A009FBA45 /* DetailSettingTableViewController.swift in Sources */ = {isa = PBXBuildFile; fileRef = 631B79CB1C771E1A009FBA45 /* DetailSettingTableViewController.swift */; };
		631CE0301CF9D76C0036DE72 /* SettingData.swift in Sources */ = {isa = PBXBuildFile; fileRef = 631CE02F1CF9D76C0036DE72 /* SettingData.swift */; };
		6321B9F61C05E70F00E2186C /* ChineseWord.swift in Sources */ = {isa = PBXBuildFile; fileRef = 6321B9F51C05E70F00E2186C /* ChineseWord.swift */; };
		63458E7B1BA7CE9700D4A48D /* AppDelegate.swift in Sources */ = {isa = PBXBuildFile; fileRef = 63458E7A1BA7CE9700D4A48D /* AppDelegate.swift */; };
		63458E7D1BA7CE9700D4A48D /* WordViewController.swift in Sources */ = {isa = PBXBuildFile; fileRef = 63458E7C1BA7CE9700D4A48D /* WordViewController.swift */; };
		63458E821BA7CE9700D4A48D /* Images.xcassets in Resources */ = {isa = PBXBuildFile; fileRef = 63458E811BA7CE9700D4A48D /* Images.xcassets */; };
		634AF3E41D2CEF1B00C3BE99 /* EnumInfo.swift in Sources */ = {isa = PBXBuildFile; fileRef = 634AF3E31D2CEF1B00C3BE99 /* EnumInfo.swift */; };
		63617CCD2216A426004C35F8 /* Localizable.strings in Resources */ = {isa = PBXBuildFile; fileRef = 63617CCF2216A426004C35F8 /* Localizable.strings */; };
		638A50C2221854150049B2B7 /* Main.storyboard in Resources */ = {isa = PBXBuildFile; fileRef = 638A50C4221854150049B2B7 /* Main.storyboard */; };
		638FF3611C48A16C00A5D366 /* SettingViewController.swift in Sources */ = {isa = PBXBuildFile; fileRef = 638FF3601C48A16C00A5D366 /* SettingViewController.swift */; };
		639705EA1D9E9D9000C52A9D /* LaunchScreen.xib in Resources */ = {isa = PBXBuildFile; fileRef = 639705E81D9E9D9000C52A9D /* LaunchScreen.xib */; };
		63A7C8511BB58C1B007548BB /* word.txt in Resources */ = {isa = PBXBuildFile; fileRef = 63A7C8501BB58C1B007548BB /* word.txt */; };
		63C8DB8B1D02966200FAEC52 /* LanguageInfo.swift in Sources */ = {isa = PBXBuildFile; fileRef = 63C8DB8A1D02966200FAEC52 /* LanguageInfo.swift */; };
		63C8DB8D1D03322500FAEC52 /* SpeechInfo.swift in Sources */ = {isa = PBXBuildFile; fileRef = 63C8DB8C1D03322500FAEC52 /* SpeechInfo.swift */; };
		63C8DB8F1D03344600FAEC52 /* SortInfo.swift in Sources */ = {isa = PBXBuildFile; fileRef = 63C8DB8E1D03344600FAEC52 /* SortInfo.swift */; };
		63D097EE1BABE16600ABC6EA /* AVFoundation.framework in Frameworks */ = {isa = PBXBuildFile; fileRef = 63D097ED1BABE16500ABC6EA /* AVFoundation.framework */; };
		63D097F01BABE19100ABC6EA /* UIKit.framework in Frameworks */ = {isa = PBXBuildFile; fileRef = 63D097EF1BABE19100ABC6EA /* UIKit.framework */; };
		63D542561C52177900E1937B /* AppInfo.swift in Sources */ = {isa = PBXBuildFile; fileRef = 63D542551C52177900E1937B /* AppInfo.swift */; };
		63F086BA23093931002F01E4 /* UIButton.swift in Sources */ = {isa = PBXBuildFile; fileRef = 63F086B923093931002F01E4 /* UIButton.swift */; };
		69267BA0566870E9D58D8C6F /* Pods_ChineseWordCard.framework in Frameworks */ = {isa = PBXBuildFile; fileRef = 2FB3A683E6438CB282949B76 /* Pods_ChineseWordCard.framework */; };
/* End PBXBuildFile section */

/* Begin PBXFileReference section */
		0FDDFE4022FA96F100759006 /* WordViewModel.swift */ = {isa = PBXFileReference; lastKnownFileType = sourcecode.swift; path = WordViewModel.swift; sourceTree = "<group>"; };
		2FB3A683E6438CB282949B76 /* Pods_ChineseWordCard.framework */ = {isa = PBXFileReference; explicitFileType = wrapper.framework; includeInIndex = 0; path = Pods_ChineseWordCard.framework; sourceTree = BUILT_PRODUCTS_DIR; };
		3F21F192894CC6A9CC5DE7AA /* Pods-ChineseWordCard.debug.xcconfig */ = {isa = PBXFileReference; includeInIndex = 1; lastKnownFileType = text.xcconfig; name = "Pods-ChineseWordCard.debug.xcconfig"; path = "Pods/Target Support Files/Pods-ChineseWordCard/Pods-ChineseWordCard.debug.xcconfig"; sourceTree = "<group>"; };
		631B79CB1C771E1A009FBA45 /* DetailSettingTableViewController.swift */ = {isa = PBXFileReference; fileEncoding = 4; lastKnownFileType = sourcecode.swift; path = DetailSettingTableViewController.swift; sourceTree = "<group>"; };
		631CE02F1CF9D76C0036DE72 /* SettingData.swift */ = {isa = PBXFileReference; fileEncoding = 4; lastKnownFileType = sourcecode.swift; path = SettingData.swift; sourceTree = "<group>"; };
		6321B9F51C05E70F00E2186C /* ChineseWord.swift */ = {isa = PBXFileReference; fileEncoding = 4; lastKnownFileType = sourcecode.swift; path = ChineseWord.swift; sourceTree = "<group>"; };
		63458E751BA7CE9700D4A48D /* ChineseWordCard.app */ = {isa = PBXFileReference; explicitFileType = wrapper.application; includeInIndex = 0; path = ChineseWordCard.app; sourceTree = BUILT_PRODUCTS_DIR; };
		63458E7A1BA7CE9700D4A48D /* AppDelegate.swift */ = {isa = PBXFileReference; lastKnownFileType = sourcecode.swift; path = AppDelegate.swift; sourceTree = "<group>"; };
		63458E7C1BA7CE9700D4A48D /* WordViewController.swift */ = {isa = PBXFileReference; lastKnownFileType = sourcecode.swift; path = WordViewController.swift; sourceTree = "<group>"; };
		63458E811BA7CE9700D4A48D /* Images.xcassets */ = {isa = PBXFileReference; lastKnownFileType = folder.assetcatalog; path = Images.xcassets; sourceTree = "<group>"; };
		634AF3E31D2CEF1B00C3BE99 /* EnumInfo.swift */ = {isa = PBXFileReference; fileEncoding = 4; lastKnownFileType = sourcecode.swift; path = EnumInfo.swift; sourceTree = "<group>"; };
		63617CCE2216A426004C35F8 /* en */ = {isa = PBXFileReference; lastKnownFileType = text.plist.strings; name = en; path = en.lproj/Localizable.strings; sourceTree = "<group>"; };
		63617CD02216A43C004C35F8 /* ko */ = {isa = PBXFileReference; lastKnownFileType = text.plist.strings; name = ko; path = ko.lproj/Localizable.strings; sourceTree = "<group>"; };
		636AF5421D4A40EF0078CE23 /* RealmSwift.framework */ = {isa = PBXFileReference; lastKnownFileType = wrapper.framework; name = RealmSwift.framework; path = "../../Library/Developer/Xcode/DerivedData/ChineseWordCard-buaosyfvjhgdwzaymiwrgdxklcwo/Build/Products/Debug-iphonesimulator/RealmSwift.framework"; sourceTree = "<group>"; };
		638A50C3221854150049B2B7 /* Base */ = {isa = PBXFileReference; lastKnownFileType = file.storyboard; name = Base; path = Base.lproj/Main.storyboard; sourceTree = "<group>"; };
		638A50C5221854190049B2B7 /* en */ = {isa = PBXFileReference; lastKnownFileType = text.plist.strings; name = en; path = en.lproj/Main.strings; sourceTree = "<group>"; };
		638A50C72218541E0049B2B7 /* ko */ = {isa = PBXFileReference; lastKnownFileType = text.plist.strings; name = ko; path = ko.lproj/Main.strings; sourceTree = "<group>"; };
		638FF3601C48A16C00A5D366 /* SettingViewController.swift */ = {isa = PBXFileReference; fileEncoding = 4; lastKnownFileType = sourcecode.swift; path = SettingViewController.swift; sourceTree = "<group>"; };
		639705E61D9E9CC400C52A9D /* Info.plist */ = {isa = PBXFileReference; fileEncoding = 4; lastKnownFileType = text.plist.xml; path = Info.plist; sourceTree = "<group>"; };
		639705E81D9E9D9000C52A9D /* LaunchScreen.xib */ = {isa = PBXFileReference; fileEncoding = 4; lastKnownFileType = file.xib; path = LaunchScreen.xib; sourceTree = "<group>"; };
		63A7C8501BB58C1B007548BB /* word.txt */ = {isa = PBXFileReference; fileEncoding = 4; lastKnownFileType = text; path = word.txt; sourceTree = "<group>"; };
		63C8DB8A1D02966200FAEC52 /* LanguageInfo.swift */ = {isa = PBXFileReference; fileEncoding = 4; lastKnownFileType = sourcecode.swift; path = LanguageInfo.swift; sourceTree = "<group>"; };
		63C8DB8C1D03322500FAEC52 /* SpeechInfo.swift */ = {isa = PBXFileReference; fileEncoding = 4; lastKnownFileType = sourcecode.swift; path = SpeechInfo.swift; sourceTree = "<group>"; };
		63C8DB8E1D03344600FAEC52 /* SortInfo.swift */ = {isa = PBXFileReference; fileEncoding = 4; lastKnownFileType = sourcecode.swift; path = SortInfo.swift; sourceTree = "<group>"; };
		63D097ED1BABE16500ABC6EA /* AVFoundation.framework */ = {isa = PBXFileReference; lastKnownFileType = wrapper.framework; name = AVFoundation.framework; path = System/Library/Frameworks/AVFoundation.framework; sourceTree = SDKROOT; };
		63D097EF1BABE19100ABC6EA /* UIKit.framework */ = {isa = PBXFileReference; lastKnownFileType = wrapper.framework; name = UIKit.framework; path = System/Library/Frameworks/UIKit.framework; sourceTree = SDKROOT; };
		63D542551C52177900E1937B /* AppInfo.swift */ = {isa = PBXFileReference; fileEncoding = 4; lastKnownFileType = sourcecode.swift; path = AppInfo.swift; sourceTree = "<group>"; };
		63F086B923093931002F01E4 /* UIButton.swift */ = {isa = PBXFileReference; lastKnownFileType = sourcecode.swift; path = UIButton.swift; sourceTree = "<group>"; };
		8F5F91EA3E31979B17432986 /* Pods-ChineseWordCard.release.xcconfig */ = {isa = PBXFileReference; includeInIndex = 1; lastKnownFileType = text.xcconfig; name = "Pods-ChineseWordCard.release.xcconfig"; path = "Pods/Target Support Files/Pods-ChineseWordCard/Pods-ChineseWordCard.release.xcconfig"; sourceTree = "<group>"; };
		97BF1ABAF0B6E1248BF9E93E /* Pods.framework */ = {isa = PBXFileReference; explicitFileType = wrapper.framework; includeInIndex = 0; path = Pods.framework; sourceTree = BUILT_PRODUCTS_DIR; };
/* End PBXFileReference section */

/* Begin PBXFrameworksBuildPhase section */
		63458E721BA7CE9700D4A48D /* Frameworks */ = {
			isa = PBXFrameworksBuildPhase;
			buildActionMask = 2147483647;
			files = (
				63D097F01BABE19100ABC6EA /* UIKit.framework in Frameworks */,
				63D097EE1BABE16600ABC6EA /* AVFoundation.framework in Frameworks */,
				69267BA0566870E9D58D8C6F /* Pods_ChineseWordCard.framework in Frameworks */,
			);
			runOnlyForDeploymentPostprocessing = 0;
		};
/* End PBXFrameworksBuildPhase section */

/* Begin PBXGroup section */
		0FDDFE3F22FA96D800759006 /* ViewModel */ = {
			isa = PBXGroup;
			children = (
				0FDDFE4022FA96F100759006 /* WordViewModel.swift */,
			);
			name = ViewModel;
			sourceTree = "<group>";
		};
		6327B59C1D4DB462009F0683 /* Controller */ = {
			isa = PBXGroup;
			children = (
				638FF3601C48A16C00A5D366 /* SettingViewController.swift */,
				631B79CB1C771E1A009FBA45 /* DetailSettingTableViewController.swift */,
				63458E7C1BA7CE9700D4A48D /* WordViewController.swift */,
			);
			name = Controller;
			sourceTree = "<group>";
		};
		63458E6C1BA7CE9700D4A48D = {
			isa = PBXGroup;
			children = (
				63458E771BA7CE9700D4A48D /* ChineseWordCard */,
				63458E761BA7CE9700D4A48D /* Products */,
				D537103A42283B907FE93EBF /* Frameworks */,
				F01BBC3F1CBACB29EF187526 /* Pods */,
			);
			sourceTree = "<group>";
		};
		63458E761BA7CE9700D4A48D /* Products */ = {
			isa = PBXGroup;
			children = (
				63458E751BA7CE9700D4A48D /* ChineseWordCard.app */,
			);
			name = Products;
			sourceTree = "<group>";
		};
		63458E771BA7CE9700D4A48D /* ChineseWordCard */ = {
			isa = PBXGroup;
			children = (
				63F086B8230938FA002F01E4 /* Extension */,
				6327B59C1D4DB462009F0683 /* Controller */,
				63C9FE0C1D0020560094164E /* View */,
				0FDDFE3F22FA96D800759006 /* ViewModel */,
				63C9FE0B1D00202C0094164E /* Model */,
				63458E7A1BA7CE9700D4A48D /* AppDelegate.swift */,
				63458E811BA7CE9700D4A48D /* Images.xcassets */,
				63458E781BA7CE9700D4A48D /* Supporting Files */,
			);
			path = ChineseWordCard;
			sourceTree = "<group>";
		};
		63458E781BA7CE9700D4A48D /* Supporting Files */ = {
			isa = PBXGroup;
			children = (
				63A7C8501BB58C1B007548BB /* word.txt */,
				639705E61D9E9CC400C52A9D /* Info.plist */,
				63617CCF2216A426004C35F8 /* Localizable.strings */,
			);
			name = "Supporting Files";
			sourceTree = "<group>";
		};
		63C9FE0B1D00202C0094164E /* Model */ = {
			isa = PBXGroup;
			children = (
				63D542551C52177900E1937B /* AppInfo.swift */,
				634AF3E31D2CEF1B00C3BE99 /* EnumInfo.swift */,
				63C8DB8C1D03322500FAEC52 /* SpeechInfo.swift */,
				63C8DB8A1D02966200FAEC52 /* LanguageInfo.swift */,
				63C8DB8E1D03344600FAEC52 /* SortInfo.swift */,
				631CE02F1CF9D76C0036DE72 /* SettingData.swift */,
				6321B9F51C05E70F00E2186C /* ChineseWord.swift */,
			);
			name = Model;
			sourceTree = "<group>";
		};
		63C9FE0C1D0020560094164E /* View */ = {
			isa = PBXGroup;
			children = (
				639705E81D9E9D9000C52A9D /* LaunchScreen.xib */,
				638A50C4221854150049B2B7 /* Main.storyboard */,
			);
			name = View;
			sourceTree = "<group>";
		};
		63F086B8230938FA002F01E4 /* Extension */ = {
			isa = PBXGroup;
			children = (
				63F086B923093931002F01E4 /* UIButton.swift */,
			);
			name = Extension;
			sourceTree = "<group>";
		};
		D537103A42283B907FE93EBF /* Frameworks */ = {
			isa = PBXGroup;
			children = (
				636AF5421D4A40EF0078CE23 /* RealmSwift.framework */,
				63D097EF1BABE19100ABC6EA /* UIKit.framework */,
				63D097ED1BABE16500ABC6EA /* AVFoundation.framework */,
				97BF1ABAF0B6E1248BF9E93E /* Pods.framework */,
				2FB3A683E6438CB282949B76 /* Pods_ChineseWordCard.framework */,
			);
			name = Frameworks;
			sourceTree = "<group>";
		};
		F01BBC3F1CBACB29EF187526 /* Pods */ = {
			isa = PBXGroup;
			children = (
				3F21F192894CC6A9CC5DE7AA /* Pods-ChineseWordCard.debug.xcconfig */,
				8F5F91EA3E31979B17432986 /* Pods-ChineseWordCard.release.xcconfig */,
			);
			name = Pods;
			sourceTree = "<group>";
		};
/* End PBXGroup section */

/* Begin PBXNativeTarget section */
		63458E741BA7CE9700D4A48D /* ChineseWordCard */ = {
			isa = PBXNativeTarget;
			buildConfigurationList = 63458E941BA7CE9700D4A48D /* Build configuration list for PBXNativeTarget "ChineseWordCard" */;
			buildPhases = (
				1557E6DCAA4E96A3F3B5183B /* [CP] Check Pods Manifest.lock */,
				63458E711BA7CE9700D4A48D /* Sources */,
				63458E721BA7CE9700D4A48D /* Frameworks */,
				63458E731BA7CE9700D4A48D /* Resources */,
				156B6A343BD6C1067D031B70 /* [CP] Embed Pods Frameworks */,
				639DFA241F8DC41C00B23F99 /* ShellScript */,
			);
			buildRules = (
			);
			dependencies = (
			);
			name = ChineseWordCard;
			productName = ChineseWordCard;
			productReference = 63458E751BA7CE9700D4A48D /* ChineseWordCard.app */;
			productType = "com.apple.product-type.application";
		};
/* End PBXNativeTarget section */

/* Begin PBXProject section */
		63458E6D1BA7CE9700D4A48D /* Project object */ = {
			isa = PBXProject;
			attributes = {
				LastSwiftUpdateCheck = 0800;
				LastUpgradeCheck = 0930;
				ORGANIZATIONNAME = VerandaStudio;
				TargetAttributes = {
					63458E741BA7CE9700D4A48D = {
						CreatedOnToolsVersion = 6.4;
						DevelopmentTeam = CBUJK8CFZ3;
						LastSwiftMigration = 1020;
						ProvisioningStyle = Automatic;
						SystemCapabilities = {
							com.apple.BackgroundModes = {
								enabled = 1;
							};
						};
					};
				};
			};
			buildConfigurationList = 63458E701BA7CE9700D4A48D /* Build configuration list for PBXProject "ChineseWordCard" */;
			compatibilityVersion = "Xcode 3.2";
			developmentRegion = en;
			hasScannedForEncodings = 0;
			knownRegions = (
				en,
				Base,
				ko,
			);
			mainGroup = 63458E6C1BA7CE9700D4A48D;
			productRefGroup = 63458E761BA7CE9700D4A48D /* Products */;
			projectDirPath = "";
			projectRoot = "";
			targets = (
				63458E741BA7CE9700D4A48D /* ChineseWordCard */,
			);
		};
/* End PBXProject section */

/* Begin PBXResourcesBuildPhase section */
		63458E731BA7CE9700D4A48D /* Resources */ = {
			isa = PBXResourcesBuildPhase;
			buildActionMask = 2147483647;
			files = (
				63617CCD2216A426004C35F8 /* Localizable.strings in Resources */,
				639705EA1D9E9D9000C52A9D /* LaunchScreen.xib in Resources */,
				638A50C2221854150049B2B7 /* Main.storyboard in Resources */,
				63A7C8511BB58C1B007548BB /* word.txt in Resources */,
				63458E821BA7CE9700D4A48D /* Images.xcassets in Resources */,
			);
			runOnlyForDeploymentPostprocessing = 0;
		};
/* End PBXResourcesBuildPhase section */

/* Begin PBXShellScriptBuildPhase section */
		1557E6DCAA4E96A3F3B5183B /* [CP] Check Pods Manifest.lock */ = {
			isa = PBXShellScriptBuildPhase;
			buildActionMask = 2147483647;
			files = (
			);
			inputPaths = (
				"${PODS_PODFILE_DIR_PATH}/Podfile.lock",
				"${PODS_ROOT}/Manifest.lock",
			);
			name = "[CP] Check Pods Manifest.lock";
			outputPaths = (
				"$(DERIVED_FILE_DIR)/Pods-ChineseWordCard-checkManifestLockResult.txt",
			);
			runOnlyForDeploymentPostprocessing = 0;
			shellPath = /bin/sh;
			shellScript = "diff \"${PODS_PODFILE_DIR_PATH}/Podfile.lock\" \"${PODS_ROOT}/Manifest.lock\" > /dev/null\nif [ $? != 0 ] ; then\n    # print error to STDERR\n    echo \"error: The sandbox is not in sync with the Podfile.lock. Run 'pod install' or update your CocoaPods installation.\" >&2\n    exit 1\nfi\n# This output is used by Xcode 'outputs' to avoid re-running this script phase.\necho \"SUCCESS\" > \"${SCRIPT_OUTPUT_FILE_0}\"\n";
			showEnvVarsInLog = 0;
		};
		156B6A343BD6C1067D031B70 /* [CP] Embed Pods Frameworks */ = {
			isa = PBXShellScriptBuildPhase;
			buildActionMask = 2147483647;
			files = (
			);
			inputPaths = (
				"${PODS_ROOT}/Target Support Files/Pods-ChineseWordCard/Pods-ChineseWordCard-frameworks.sh",
				"${BUILT_PRODUCTS_DIR}/FontAwesome.swift/FontAwesome_swift.framework",
				"${BUILT_PRODUCTS_DIR}/GoogleUtilities/GoogleUtilities.framework",
				"${BUILT_PRODUCTS_DIR}/Realm/Realm.framework",
				"${BUILT_PRODUCTS_DIR}/RealmSwift/RealmSwift.framework",
				"${BUILT_PRODUCTS_DIR}/RxCocoa/RxCocoa.framework",
				"${BUILT_PRODUCTS_DIR}/RxRelay/RxRelay.framework",
				"${BUILT_PRODUCTS_DIR}/RxSwift/RxSwift.framework",
				"${BUILT_PRODUCTS_DIR}/nanopb/nanopb.framework",
			);
			name = "[CP] Embed Pods Frameworks";
			outputPaths = (
				"${TARGET_BUILD_DIR}/${FRAMEWORKS_FOLDER_PATH}/FontAwesome_swift.framework",
				"${TARGET_BUILD_DIR}/${FRAMEWORKS_FOLDER_PATH}/GoogleUtilities.framework",
				"${TARGET_BUILD_DIR}/${FRAMEWORKS_FOLDER_PATH}/Realm.framework",
				"${TARGET_BUILD_DIR}/${FRAMEWORKS_FOLDER_PATH}/RealmSwift.framework",
				"${TARGET_BUILD_DIR}/${FRAMEWORKS_FOLDER_PATH}/RxCocoa.framework",
				"${TARGET_BUILD_DIR}/${FRAMEWORKS_FOLDER_PATH}/RxRelay.framework",
				"${TARGET_BUILD_DIR}/${FRAMEWORKS_FOLDER_PATH}/RxSwift.framework",
				"${TARGET_BUILD_DIR}/${FRAMEWORKS_FOLDER_PATH}/nanopb.framework",
			);
			runOnlyForDeploymentPostprocessing = 0;
			shellPath = /bin/sh;
			shellScript = "\"${PODS_ROOT}/Target Support Files/Pods-ChineseWordCard/Pods-ChineseWordCard-frameworks.sh\"\n";
			showEnvVarsInLog = 0;
		};
		639DFA241F8DC41C00B23F99 /* ShellScript */ = {
			isa = PBXShellScriptBuildPhase;
			buildActionMask = 2147483647;
			files = (
			);
			inputPaths = (
			);
			outputPaths = (
			);
			runOnlyForDeploymentPostprocessing = 0;
			shellPath = /bin/sh;
			shellScript = "${PODS_ROOT}/SwiftLint/swiftlint\n";
		};
/* End PBXShellScriptBuildPhase section */

/* Begin PBXSourcesBuildPhase section */
		63458E711BA7CE9700D4A48D /* Sources */ = {
			isa = PBXSourcesBuildPhase;
			buildActionMask = 2147483647;
			files = (
				63458E7D1BA7CE9700D4A48D /* WordViewController.swift in Sources */,
				63F086BA23093931002F01E4 /* UIButton.swift in Sources */,
				63C8DB8B1D02966200FAEC52 /* LanguageInfo.swift in Sources */,
				631CE0301CF9D76C0036DE72 /* SettingData.swift in Sources */,
				63458E7B1BA7CE9700D4A48D /* AppDelegate.swift in Sources */,
				634AF3E41D2CEF1B00C3BE99 /* EnumInfo.swift in Sources */,
				6321B9F61C05E70F00E2186C /* ChineseWord.swift in Sources */,
				0FDDFE4122FA96F100759006 /* WordViewModel.swift in Sources */,
				631B79CC1C771E1A009FBA45 /* DetailSettingTableViewController.swift in Sources */,
				63C8DB8F1D03344600FAEC52 /* SortInfo.swift in Sources */,
				63C8DB8D1D03322500FAEC52 /* SpeechInfo.swift in Sources */,
				638FF3611C48A16C00A5D366 /* SettingViewController.swift in Sources */,
				63D542561C52177900E1937B /* AppInfo.swift in Sources */,
			);
			runOnlyForDeploymentPostprocessing = 0;
		};
/* End PBXSourcesBuildPhase section */

/* Begin PBXVariantGroup section */
		63617CCF2216A426004C35F8 /* Localizable.strings */ = {
			isa = PBXVariantGroup;
			children = (
				63617CCE2216A426004C35F8 /* en */,
				63617CD02216A43C004C35F8 /* ko */,
			);
			name = Localizable.strings;
			sourceTree = "<group>";
		};
		638A50C4221854150049B2B7 /* Main.storyboard */ = {
			isa = PBXVariantGroup;
			children = (
				638A50C3221854150049B2B7 /* Base */,
				638A50C5221854190049B2B7 /* en */,
				638A50C72218541E0049B2B7 /* ko */,
			);
			name = Main.storyboard;
			sourceTree = "<group>";
		};
/* End PBXVariantGroup section */

/* Begin XCBuildConfiguration section */
		63458E921BA7CE9700D4A48D /* Debug */ = {
			isa = XCBuildConfiguration;
			buildSettings = {
				ALWAYS_SEARCH_USER_PATHS = NO;
				CLANG_ANALYZER_LOCALIZABILITY_NONLOCALIZED = YES;
				CLANG_CXX_LANGUAGE_STANDARD = "gnu++0x";
				CLANG_CXX_LIBRARY = "libc++";
				CLANG_ENABLE_MODULES = YES;
				CLANG_ENABLE_OBJC_ARC = YES;
				CLANG_WARN_BLOCK_CAPTURE_AUTORELEASING = YES;
				CLANG_WARN_BOOL_CONVERSION = YES;
				CLANG_WARN_COMMA = YES;
				CLANG_WARN_CONSTANT_CONVERSION = YES;
				CLANG_WARN_DEPRECATED_OBJC_IMPLEMENTATIONS = YES;
				CLANG_WARN_DIRECT_OBJC_ISA_USAGE = YES_ERROR;
				CLANG_WARN_EMPTY_BODY = YES;
				CLANG_WARN_ENUM_CONVERSION = YES;
				CLANG_WARN_INFINITE_RECURSION = YES;
				CLANG_WARN_INT_CONVERSION = YES;
				CLANG_WARN_NON_LITERAL_NULL_CONVERSION = YES;
				CLANG_WARN_OBJC_IMPLICIT_RETAIN_SELF = YES;
				CLANG_WARN_OBJC_LITERAL_CONVERSION = YES;
				CLANG_WARN_OBJC_ROOT_CLASS = YES_ERROR;
				CLANG_WARN_RANGE_LOOP_ANALYSIS = YES;
				CLANG_WARN_STRICT_PROTOTYPES = YES;
				CLANG_WARN_SUSPICIOUS_MOVE = YES;
				CLANG_WARN_UNREACHABLE_CODE = YES;
				CLANG_WARN__DUPLICATE_METHOD_MATCH = YES;
				"CODE_SIGN_IDENTITY[sdk=iphoneos*]" = "iPhone Developer";
				COPY_PHASE_STRIP = NO;
				DEBUG_INFORMATION_FORMAT = "dwarf-with-dsym";
				ENABLE_STRICT_OBJC_MSGSEND = YES;
				ENABLE_TESTABILITY = YES;
				GCC_C_LANGUAGE_STANDARD = gnu99;
				GCC_DYNAMIC_NO_PIC = NO;
				GCC_NO_COMMON_BLOCKS = YES;
				GCC_OPTIMIZATION_LEVEL = 0;
				GCC_PREPROCESSOR_DEFINITIONS = (
					"DEBUG=1",
					"$(inherited)",
				);
				GCC_SYMBOLS_PRIVATE_EXTERN = NO;
				GCC_WARN_64_TO_32_BIT_CONVERSION = YES;
				GCC_WARN_ABOUT_RETURN_TYPE = YES_ERROR;
				GCC_WARN_UNDECLARED_SELECTOR = YES;
				GCC_WARN_UNINITIALIZED_AUTOS = YES_AGGRESSIVE;
				GCC_WARN_UNUSED_FUNCTION = YES;
				GCC_WARN_UNUSED_VARIABLE = YES;
				IPHONEOS_DEPLOYMENT_TARGET = 10.0;
				MTL_ENABLE_DEBUG_INFO = YES;
				ONLY_ACTIVE_ARCH = YES;
				SDKROOT = iphoneos;
				SWIFT_OPTIMIZATION_LEVEL = "-Onone";
				SWIFT_VERSION = 4.0;
			};
			name = Debug;
		};
		63458E931BA7CE9700D4A48D /* Release */ = {
			isa = XCBuildConfiguration;
			buildSettings = {
				ALWAYS_SEARCH_USER_PATHS = NO;
				CLANG_ANALYZER_LOCALIZABILITY_NONLOCALIZED = YES;
				CLANG_CXX_LANGUAGE_STANDARD = "gnu++0x";
				CLANG_CXX_LIBRARY = "libc++";
				CLANG_ENABLE_MODULES = YES;
				CLANG_ENABLE_OBJC_ARC = YES;
				CLANG_WARN_BLOCK_CAPTURE_AUTORELEASING = YES;
				CLANG_WARN_BOOL_CONVERSION = YES;
				CLANG_WARN_COMMA = YES;
				CLANG_WARN_CONSTANT_CONVERSION = YES;
				CLANG_WARN_DEPRECATED_OBJC_IMPLEMENTATIONS = YES;
				CLANG_WARN_DIRECT_OBJC_ISA_USAGE = YES_ERROR;
				CLANG_WARN_EMPTY_BODY = YES;
				CLANG_WARN_ENUM_CONVERSION = YES;
				CLANG_WARN_INFINITE_RECURSION = YES;
				CLANG_WARN_INT_CONVERSION = YES;
				CLANG_WARN_NON_LITERAL_NULL_CONVERSION = YES;
				CLANG_WARN_OBJC_IMPLICIT_RETAIN_SELF = YES;
				CLANG_WARN_OBJC_LITERAL_CONVERSION = YES;
				CLANG_WARN_OBJC_ROOT_CLASS = YES_ERROR;
				CLANG_WARN_RANGE_LOOP_ANALYSIS = YES;
				CLANG_WARN_STRICT_PROTOTYPES = YES;
				CLANG_WARN_SUSPICIOUS_MOVE = YES;
				CLANG_WARN_UNREACHABLE_CODE = YES;
				CLANG_WARN__DUPLICATE_METHOD_MATCH = YES;
				"CODE_SIGN_IDENTITY[sdk=iphoneos*]" = "iPhone Developer";
				COPY_PHASE_STRIP = NO;
				DEBUG_INFORMATION_FORMAT = "dwarf-with-dsym";
				ENABLE_NS_ASSERTIONS = NO;
				ENABLE_STRICT_OBJC_MSGSEND = YES;
				GCC_C_LANGUAGE_STANDARD = gnu99;
				GCC_NO_COMMON_BLOCKS = YES;
				GCC_WARN_64_TO_32_BIT_CONVERSION = YES;
				GCC_WARN_ABOUT_RETURN_TYPE = YES_ERROR;
				GCC_WARN_UNDECLARED_SELECTOR = YES;
				GCC_WARN_UNINITIALIZED_AUTOS = YES_AGGRESSIVE;
				GCC_WARN_UNUSED_FUNCTION = YES;
				GCC_WARN_UNUSED_VARIABLE = YES;
				IPHONEOS_DEPLOYMENT_TARGET = 10.0;
				MTL_ENABLE_DEBUG_INFO = NO;
				SDKROOT = iphoneos;
				SWIFT_OPTIMIZATION_LEVEL = "-Owholemodule";
				SWIFT_VERSION = 4.0;
				VALIDATE_PRODUCT = YES;
			};
			name = Release;
		};
		63458E951BA7CE9700D4A48D /* Debug */ = {
			isa = XCBuildConfiguration;
			baseConfigurationReference = 3F21F192894CC6A9CC5DE7AA /* Pods-ChineseWordCard.debug.xcconfig */;
			buildSettings = {
				ALWAYS_EMBED_SWIFT_STANDARD_LIBRARIES = YES;
				ASSETCATALOG_COMPILER_APPICON_NAME = AppIcon;
				CODE_SIGN_IDENTITY = "iPhone Developer";
				"CODE_SIGN_IDENTITY[sdk=iphoneos*]" = "iPhone Developer";
				DEFINES_MODULE = YES;
				DEVELOPMENT_TEAM = CBUJK8CFZ3;
				ENABLE_BITCODE = YES;
				ENABLE_TESTABILITY = YES;
				GCC_UNROLL_LOOPS = YES;
				INFOPLIST_FILE = "$(SRCROOT)/ChineseWordCard/Info.plist";
				IPHONEOS_DEPLOYMENT_TARGET = 11.0;
				LD_RUNPATH_SEARCH_PATHS = "$(inherited) @executable_path/Frameworks";
				LLVM_LTO = YES;
				PRODUCT_BUNDLE_IDENTIFIER = com.verandastudio.WordCard;
				PRODUCT_NAME = "$(TARGET_NAME)";
				PROVISIONING_PROFILE = "";
				PROVISIONING_PROFILE_SPECIFIER = "";
				SWIFT_SWIFT3_OBJC_INFERENCE = Off;
				SWIFT_VERSION = 5.0;
				TARGETED_DEVICE_FAMILY = "1,2";
			};
			name = Debug;
		};
		63458E961BA7CE9700D4A48D /* Release */ = {
			isa = XCBuildConfiguration;
			baseConfigurationReference = 8F5F91EA3E31979B17432986 /* Pods-ChineseWordCard.release.xcconfig */;
			buildSettings = {
				ALWAYS_EMBED_SWIFT_STANDARD_LIBRARIES = YES;
				ASSETCATALOG_COMPILER_APPICON_NAME = AppIcon;
				CODE_SIGN_IDENTITY = "iPhone Distribution";
				"CODE_SIGN_IDENTITY[sdk=iphoneos*]" = "iPhone Developer";
				DEVELOPMENT_TEAM = CBUJK8CFZ3;
				ENABLE_BITCODE = YES;
				ENABLE_TESTABILITY = NO;
				GCC_UNROLL_LOOPS = YES;
				INFOPLIST_FILE = "$(SRCROOT)/ChineseWordCard/Info.plist";
				IPHONEOS_DEPLOYMENT_TARGET = 11.0;
				LD_RUNPATH_SEARCH_PATHS = "$(inherited) @executable_path/Frameworks";
				LLVM_LTO = YES;
				PRODUCT_BUNDLE_IDENTIFIER = com.verandastudio.WordCard;
				PRODUCT_NAME = "$(TARGET_NAME)";
				PROVISIONING_PROFILE = "";
				PROVISIONING_PROFILE_SPECIFIER = "";
				SWIFT_SWIFT3_OBJC_INFERENCE = Off;
				SWIFT_VERSION = 5.0;
				TARGETED_DEVICE_FAMILY = "1,2";
			};
			name = Release;
		};
/* End XCBuildConfiguration section */

/* Begin XCConfigurationList section */
		63458E701BA7CE9700D4A48D /* Build configuration list for PBXProject "ChineseWordCard" */ = {
			isa = XCConfigurationList;
			buildConfigurations = (
				63458E921BA7CE9700D4A48D /* Debug */,
				63458E931BA7CE9700D4A48D /* Release */,
			);
			defaultConfigurationIsVisible = 0;
			defaultConfigurationName = Release;
		};
		63458E941BA7CE9700D4A48D /* Build configuration list for PBXNativeTarget "ChineseWordCard" */ = {
			isa = XCConfigurationList;
			buildConfigurations = (
				63458E951BA7CE9700D4A48D /* Debug */,
				63458E961BA7CE9700D4A48D /* Release */,
			);
			defaultConfigurationIsVisible = 0;
			defaultConfigurationName = Release;
		};
/* End XCConfigurationList section */
	};
	rootObject = 63458E6D1BA7CE9700D4A48D /* Project object */;
}
