// !$*UTF8*$!
{
	archiveVersion = 1;
	classes = {
	};
	objectVersion = 52;
	objects = {

/* Begin PBXBuildFile section */
		0F480AA025D28022000458ED /* RealmSwift in Frameworks */ = {isa = PBXBuildFile; productRef = 0F480A9F25D28022000458ED /* RealmSwift */; };
		0F480AA225D28022000458ED /* Realm in Frameworks */ = {isa = PBXBuildFile; productRef = 0F480AA125D28022000458ED /* Realm */; };
		0F480AB425D280A3000458ED /* RxCocoa in Frameworks */ = {isa = PBXBuildFile; productRef = 0F480AB325D280A3000458ED /* RxCocoa */; };
		0F480AB625D280A3000458ED /* RxSwift in Frameworks */ = {isa = PBXBuildFile; productRef = 0F480AB525D280A3000458ED /* RxSwift */; };
		0F480AFE25D2868C000458ED /* LICENSE in Resources */ = {isa = PBXBuildFile; fileRef = 0F480AED25D2868C000458ED /* LICENSE */; };
		0F480AFF25D2868C000458ED /* FontAwesomeBarButtonItem.swift in Sources */ = {isa = PBXBuildFile; fileRef = 0F480AEF25D2868C000458ED /* FontAwesomeBarButtonItem.swift */; };
		0F480B0025D2868C000458ED /* FontAwesomeSegmentedControl.swift in Sources */ = {isa = PBXBuildFile; fileRef = 0F480AF025D2868C000458ED /* FontAwesomeSegmentedControl.swift */; };
		0F480B0125D2868C000458ED /* FontAwesomeView.swift in Sources */ = {isa = PBXBuildFile; fileRef = 0F480AF125D2868C000458ED /* FontAwesomeView.swift */; };
		0F480B0225D2868C000458ED /* FontAwesomeExtension.swift in Sources */ = {isa = PBXBuildFile; fileRef = 0F480AF225D2868C000458ED /* FontAwesomeExtension.swift */; };
		0F480B0325D2868C000458ED /* FontAwesomeTabBarItem.swift in Sources */ = {isa = PBXBuildFile; fileRef = 0F480AF325D2868C000458ED /* FontAwesomeTabBarItem.swift */; };
		0F480B0425D2868C000458ED /* FontAwesomeImageRepresentable.swift in Sources */ = {isa = PBXBuildFile; fileRef = 0F480AF425D2868C000458ED /* FontAwesomeImageRepresentable.swift */; };
		0F480B0525D2868C000458ED /* FontAwesomeImageView.swift in Sources */ = {isa = PBXBuildFile; fileRef = 0F480AF525D2868C000458ED /* FontAwesomeImageView.swift */; };
		0F480B0625D2868C000458ED /* Font Awesome 5 Brands-Regular-400.otf in Resources */ = {isa = PBXBuildFile; fileRef = 0F480AF625D2868C000458ED /* Font Awesome 5 Brands-Regular-400.otf */; };
		0F480B0725D2868C000458ED /* Font Awesome 5 Free-Solid-900.otf in Resources */ = {isa = PBXBuildFile; fileRef = 0F480AF725D2868C000458ED /* Font Awesome 5 Free-Solid-900.otf */; };
		0F480B0825D2868C000458ED /* FontAwesomeTextRepresentable.swift in Sources */ = {isa = PBXBuildFile; fileRef = 0F480AF825D2868C000458ED /* FontAwesomeTextRepresentable.swift */; };
		0F480B0925D2868C000458ED /* Font Awesome 5 Free-Regular-400.otf in Resources */ = {isa = PBXBuildFile; fileRef = 0F480AF925D2868C000458ED /* Font Awesome 5 Free-Regular-400.otf */; };
		0F480B0A25D2868C000458ED /* FontAwesome.swift in Sources */ = {isa = PBXBuildFile; fileRef = 0F480AFA25D2868C000458ED /* FontAwesome.swift */; };
		0F480B0B25D2868C000458ED /* FontAwesomeStateRequirement.swift in Sources */ = {isa = PBXBuildFile; fileRef = 0F480AFB25D2868C000458ED /* FontAwesomeStateRequirement.swift */; };
		0F480B0C25D2868C000458ED /* Enum.swift in Sources */ = {isa = PBXBuildFile; fileRef = 0F480AFC25D2868C000458ED /* Enum.swift */; };
		0F480B0D25D2868C000458ED /* README.md in Resources */ = {isa = PBXBuildFile; fileRef = 0F480AFD25D2868C000458ED /* README.md */; };
		0FDDFE4122FA96F100759006 /* WordViewModel.swift in Sources */ = {isa = PBXBuildFile; fileRef = 0FDDFE4022FA96F100759006 /* WordViewModel.swift */; };
		0FEED2772352B21B00F6031A /* SettingViewModel.swift in Sources */ = {isa = PBXBuildFile; fileRef = 0FEED2762352B21B00F6031A /* SettingViewModel.swift */; };
		0FEED2792352B23100F6031A /* DetailSettingViewModel.swift in Sources */ = {isa = PBXBuildFile; fileRef = 0FEED2782352B23100F6031A /* DetailSettingViewModel.swift */; };
		630DE52728BB3D81009AF74A /* WordView.swift in Sources */ = {isa = PBXBuildFile; fileRef = 630DE52628BB3D81009AF74A /* WordView.swift */; };
		631B79CC1C771E1A009FBA45 /* DetailSettingTableViewController.swift in Sources */ = {isa = PBXBuildFile; fileRef = 631B79CB1C771E1A009FBA45 /* DetailSettingTableViewController.swift */; };
		631CE0301CF9D76C0036DE72 /* SettingData.swift in Sources */ = {isa = PBXBuildFile; fileRef = 631CE02F1CF9D76C0036DE72 /* SettingData.swift */; };
		6321B9F61C05E70F00E2186C /* ChineseWord.swift in Sources */ = {isa = PBXBuildFile; fileRef = 6321B9F51C05E70F00E2186C /* ChineseWord.swift */; };
		63458E7B1BA7CE9700D4A48D /* AppDelegate.swift in Sources */ = {isa = PBXBuildFile; fileRef = 63458E7A1BA7CE9700D4A48D /* AppDelegate.swift */; };
		63458E7D1BA7CE9700D4A48D /* WordViewController.swift in Sources */ = {isa = PBXBuildFile; fileRef = 63458E7C1BA7CE9700D4A48D /* WordViewController.swift */; };
		63458E821BA7CE9700D4A48D /* Images.xcassets in Resources */ = {isa = PBXBuildFile; fileRef = 63458E811BA7CE9700D4A48D /* Images.xcassets */; };
		634AF3E41D2CEF1B00C3BE99 /* EnumInfo.swift in Sources */ = {isa = PBXBuildFile; fileRef = 634AF3E31D2CEF1B00C3BE99 /* EnumInfo.swift */; };
		63617CCD2216A426004C35F8 /* Localizable.strings in Resources */ = {isa = PBXBuildFile; fileRef = 63617CCF2216A426004C35F8 /* Localizable.strings */; };
		638A50C2221854150049B2B7 /* Main.storyboard in Resources */ = {isa = PBXBuildFile; fileRef = 638A50C4221854150049B2B7 /* Main.storyboard */; };
		638FF3611C48A16C00A5D366 /* SettingViewController.swift in Sources */ = {isa = PBXBuildFile; fileRef = 638FF3601C48A16C00A5D366 /* SettingViewController.swift */; };
		639705EA1D9E9D9000C52A9D /* LaunchScreen.xib in Resources */ = {isa = PBXBuildFile; fileRef = 639705E81D9E9D9000C52A9D /* LaunchScreen.xib */; };
		63A7C8511BB58C1B007548BB /* word.txt in Resources */ = {isa = PBXBuildFile; fileRef = 63A7C8501BB58C1B007548BB /* word.txt */; };
		63C8DB8B1D02966200FAEC52 /* LanguageInfo.swift in Sources */ = {isa = PBXBuildFile; fileRef = 63C8DB8A1D02966200FAEC52 /* LanguageInfo.swift */; };
		63C8DB8D1D03322500FAEC52 /* SpeechInfo.swift in Sources */ = {isa = PBXBuildFile; fileRef = 63C8DB8C1D03322500FAEC52 /* SpeechInfo.swift */; };
		63C8DB8F1D03344600FAEC52 /* SortInfo.swift in Sources */ = {isa = PBXBuildFile; fileRef = 63C8DB8E1D03344600FAEC52 /* SortInfo.swift */; };
		63D097EE1BABE16600ABC6EA /* AVFoundation.framework in Frameworks */ = {isa = PBXBuildFile; fileRef = 63D097ED1BABE16500ABC6EA /* AVFoundation.framework */; };
		63D097F01BABE19100ABC6EA /* UIKit.framework in Frameworks */ = {isa = PBXBuildFile; fileRef = 63D097EF1BABE19100ABC6EA /* UIKit.framework */; };
		63D542561C52177900E1937B /* AppInfo.swift in Sources */ = {isa = PBXBuildFile; fileRef = 63D542551C52177900E1937B /* AppInfo.swift */; };
		63F086BA23093931002F01E4 /* UIButton.swift in Sources */ = {isa = PBXBuildFile; fileRef = 63F086B923093931002F01E4 /* UIButton.swift */; };
/* End PBXBuildFile section */

/* Begin PBXCopyFilesBuildPhase section */
		630EB2AB237D7D7000E562CA /* Embed App Extensions */ = {
			isa = PBXCopyFilesBuildPhase;
			buildActionMask = 2147483647;
			dstPath = "";
			dstSubfolderSpec = 13;
			files = (
			);
			name = "Embed App Extensions";
			runOnlyForDeploymentPostprocessing = 0;
		};
/* End PBXCopyFilesBuildPhase section */

/* Begin PBXFileReference section */
		0F39D71E2374F1E600C215BF /* Base */ = {isa = PBXFileReference; lastKnownFileType = file.storyboard; name = Base; path = Base.lproj/Main.storyboard; sourceTree = "<group>"; };
		0F480AED25D2868C000458ED /* LICENSE */ = {isa = PBXFileReference; fileEncoding = 4; lastKnownFileType = text; path = LICENSE; sourceTree = "<group>"; };
		0F480AEF25D2868C000458ED /* FontAwesomeBarButtonItem.swift */ = {isa = PBXFileReference; fileEncoding = 4; lastKnownFileType = sourcecode.swift; path = FontAwesomeBarButtonItem.swift; sourceTree = "<group>"; };
		0F480AF025D2868C000458ED /* FontAwesomeSegmentedControl.swift */ = {isa = PBXFileReference; fileEncoding = 4; lastKnownFileType = sourcecode.swift; path = FontAwesomeSegmentedControl.swift; sourceTree = "<group>"; };
		0F480AF125D2868C000458ED /* FontAwesomeView.swift */ = {isa = PBXFileReference; fileEncoding = 4; lastKnownFileType = sourcecode.swift; path = FontAwesomeView.swift; sourceTree = "<group>"; };
		0F480AF225D2868C000458ED /* FontAwesomeExtension.swift */ = {isa = PBXFileReference; fileEncoding = 4; lastKnownFileType = sourcecode.swift; path = FontAwesomeExtension.swift; sourceTree = "<group>"; };
		0F480AF325D2868C000458ED /* FontAwesomeTabBarItem.swift */ = {isa = PBXFileReference; fileEncoding = 4; lastKnownFileType = sourcecode.swift; path = FontAwesomeTabBarItem.swift; sourceTree = "<group>"; };
		0F480AF425D2868C000458ED /* FontAwesomeImageRepresentable.swift */ = {isa = PBXFileReference; fileEncoding = 4; lastKnownFileType = sourcecode.swift; path = FontAwesomeImageRepresentable.swift; sourceTree = "<group>"; };
		0F480AF525D2868C000458ED /* FontAwesomeImageView.swift */ = {isa = PBXFileReference; fileEncoding = 4; lastKnownFileType = sourcecode.swift; path = FontAwesomeImageView.swift; sourceTree = "<group>"; };
		0F480AF625D2868C000458ED /* Font Awesome 5 Brands-Regular-400.otf */ = {isa = PBXFileReference; lastKnownFileType = file; path = "Font Awesome 5 Brands-Regular-400.otf"; sourceTree = "<group>"; };
		0F480AF725D2868C000458ED /* Font Awesome 5 Free-Solid-900.otf */ = {isa = PBXFileReference; lastKnownFileType = file; path = "Font Awesome 5 Free-Solid-900.otf"; sourceTree = "<group>"; };
		0F480AF825D2868C000458ED /* FontAwesomeTextRepresentable.swift */ = {isa = PBXFileReference; fileEncoding = 4; lastKnownFileType = sourcecode.swift; path = FontAwesomeTextRepresentable.swift; sourceTree = "<group>"; };
		0F480AF925D2868C000458ED /* Font Awesome 5 Free-Regular-400.otf */ = {isa = PBXFileReference; lastKnownFileType = file; path = "Font Awesome 5 Free-Regular-400.otf"; sourceTree = "<group>"; };
		0F480AFA25D2868C000458ED /* FontAwesome.swift */ = {isa = PBXFileReference; fileEncoding = 4; lastKnownFileType = sourcecode.swift; path = FontAwesome.swift; sourceTree = "<group>"; };
		0F480AFB25D2868C000458ED /* FontAwesomeStateRequirement.swift */ = {isa = PBXFileReference; fileEncoding = 4; lastKnownFileType = sourcecode.swift; path = FontAwesomeStateRequirement.swift; sourceTree = "<group>"; };
		0F480AFC25D2868C000458ED /* Enum.swift */ = {isa = PBXFileReference; fileEncoding = 4; lastKnownFileType = sourcecode.swift; path = Enum.swift; sourceTree = "<group>"; };
		0F480AFD25D2868C000458ED /* README.md */ = {isa = PBXFileReference; fileEncoding = 4; lastKnownFileType = net.daringfireball.markdown; path = README.md; sourceTree = "<group>"; };
		0FDDFE4022FA96F100759006 /* WordViewModel.swift */ = {isa = PBXFileReference; lastKnownFileType = sourcecode.swift; path = WordViewModel.swift; sourceTree = "<group>"; };
		0FEED2762352B21B00F6031A /* SettingViewModel.swift */ = {isa = PBXFileReference; lastKnownFileType = sourcecode.swift; path = SettingViewModel.swift; sourceTree = "<group>"; };
		0FEED2782352B23100F6031A /* DetailSettingViewModel.swift */ = {isa = PBXFileReference; lastKnownFileType = sourcecode.swift; path = DetailSettingViewModel.swift; sourceTree = "<group>"; };
		630DE52628BB3D81009AF74A /* WordView.swift */ = {isa = PBXFileReference; lastKnownFileType = sourcecode.swift; path = WordView.swift; sourceTree = "<group>"; };
		630EB287237D7CB600E562CA /* ChineseWordCard.entitlements */ = {isa = PBXFileReference; lastKnownFileType = text.plist.entitlements; path = ChineseWordCard.entitlements; sourceTree = "<group>"; };
		630EB296237D7D7000E562CA /* IntentsUI.framework */ = {isa = PBXFileReference; lastKnownFileType = wrapper.framework; name = IntentsUI.framework; path = System/Library/Frameworks/IntentsUI.framework; sourceTree = SDKROOT; };
		631B79CB1C771E1A009FBA45 /* DetailSettingTableViewController.swift */ = {isa = PBXFileReference; fileEncoding = 4; lastKnownFileType = sourcecode.swift; path = DetailSettingTableViewController.swift; sourceTree = "<group>"; };
		631CE02F1CF9D76C0036DE72 /* SettingData.swift */ = {isa = PBXFileReference; fileEncoding = 4; lastKnownFileType = sourcecode.swift; path = SettingData.swift; sourceTree = "<group>"; };
		6321B9F51C05E70F00E2186C /* ChineseWord.swift */ = {isa = PBXFileReference; fileEncoding = 4; lastKnownFileType = sourcecode.swift; path = ChineseWord.swift; sourceTree = "<group>"; };
		63458E751BA7CE9700D4A48D /* ChineseWordCard.app */ = {isa = PBXFileReference; explicitFileType = wrapper.application; includeInIndex = 0; path = ChineseWordCard.app; sourceTree = BUILT_PRODUCTS_DIR; };
		63458E7A1BA7CE9700D4A48D /* AppDelegate.swift */ = {isa = PBXFileReference; lastKnownFileType = sourcecode.swift; path = AppDelegate.swift; sourceTree = "<group>"; };
		63458E7C1BA7CE9700D4A48D /* WordViewController.swift */ = {isa = PBXFileReference; lastKnownFileType = sourcecode.swift; path = WordViewController.swift; sourceTree = "<group>"; };
		63458E811BA7CE9700D4A48D /* Images.xcassets */ = {isa = PBXFileReference; lastKnownFileType = folder.assetcatalog; path = Images.xcassets; sourceTree = "<group>"; };
		634AF3E31D2CEF1B00C3BE99 /* EnumInfo.swift */ = {isa = PBXFileReference; fileEncoding = 4; lastKnownFileType = sourcecode.swift; path = EnumInfo.swift; sourceTree = "<group>"; };
		63617CCE2216A426004C35F8 /* en */ = {isa = PBXFileReference; lastKnownFileType = text.plist.strings; name = en; path = en.lproj/Localizable.strings; sourceTree = "<group>"; };
		63617CD02216A43C004C35F8 /* ko */ = {isa = PBXFileReference; lastKnownFileType = text.plist.strings; name = ko; path = ko.lproj/Localizable.strings; sourceTree = "<group>"; };
		638FF3601C48A16C00A5D366 /* SettingViewController.swift */ = {isa = PBXFileReference; fileEncoding = 4; lastKnownFileType = sourcecode.swift; path = SettingViewController.swift; sourceTree = "<group>"; };
		639705E61D9E9CC400C52A9D /* Info.plist */ = {isa = PBXFileReference; fileEncoding = 4; lastKnownFileType = text.plist.xml; path = Info.plist; sourceTree = "<group>"; };
		639705E81D9E9D9000C52A9D /* LaunchScreen.xib */ = {isa = PBXFileReference; fileEncoding = 4; lastKnownFileType = file.xib; path = LaunchScreen.xib; sourceTree = "<group>"; };
		63A7C8501BB58C1B007548BB /* word.txt */ = {isa = PBXFileReference; fileEncoding = 4; lastKnownFileType = text; path = word.txt; sourceTree = "<group>"; };
		63C8DB8A1D02966200FAEC52 /* LanguageInfo.swift */ = {isa = PBXFileReference; fileEncoding = 4; lastKnownFileType = sourcecode.swift; path = LanguageInfo.swift; sourceTree = "<group>"; };
		63C8DB8C1D03322500FAEC52 /* SpeechInfo.swift */ = {isa = PBXFileReference; fileEncoding = 4; lastKnownFileType = sourcecode.swift; path = SpeechInfo.swift; sourceTree = "<group>"; };
		63C8DB8E1D03344600FAEC52 /* SortInfo.swift */ = {isa = PBXFileReference; fileEncoding = 4; lastKnownFileType = sourcecode.swift; path = SortInfo.swift; sourceTree = "<group>"; };
		63D097ED1BABE16500ABC6EA /* AVFoundation.framework */ = {isa = PBXFileReference; lastKnownFileType = wrapper.framework; name = AVFoundation.framework; path = System/Library/Frameworks/AVFoundation.framework; sourceTree = SDKROOT; };
		63D097EF1BABE19100ABC6EA /* UIKit.framework */ = {isa = PBXFileReference; lastKnownFileType = wrapper.framework; name = UIKit.framework; path = System/Library/Frameworks/UIKit.framework; sourceTree = SDKROOT; };
		63D542551C52177900E1937B /* AppInfo.swift */ = {isa = PBXFileReference; fileEncoding = 4; lastKnownFileType = sourcecode.swift; path = AppInfo.swift; sourceTree = "<group>"; };
		63F086B923093931002F01E4 /* UIButton.swift */ = {isa = PBXFileReference; lastKnownFileType = sourcecode.swift; path = UIButton.swift; sourceTree = "<group>"; };
/* End PBXFileReference section */

/* Begin PBXFrameworksBuildPhase section */
		63458E721BA7CE9700D4A48D /* Frameworks */ = {
			isa = PBXFrameworksBuildPhase;
			buildActionMask = 2147483647;
			files = (
				0F480AB425D280A3000458ED /* RxCocoa in Frameworks */,
				0F480AA025D28022000458ED /* RealmSwift in Frameworks */,
				63D097F01BABE19100ABC6EA /* UIKit.framework in Frameworks */,
				63D097EE1BABE16600ABC6EA /* AVFoundation.framework in Frameworks */,
				0F480AA225D28022000458ED /* Realm in Frameworks */,
				0F480AB625D280A3000458ED /* RxSwift in Frameworks */,
			);
			runOnlyForDeploymentPostprocessing = 0;
		};
/* End PBXFrameworksBuildPhase section */

/* Begin PBXGroup section */
		0F480AEC25D2868C000458ED /* FontAwesome.swift */ = {
			isa = PBXGroup;
			children = (
				0F480AED25D2868C000458ED /* LICENSE */,
				0F480AEE25D2868C000458ED /* FontAwesome */,
				0F480AFD25D2868C000458ED /* README.md */,
			);
			name = FontAwesome.swift;
			path = ChineseWordCard/FontAwesome.swift;
			sourceTree = "<group>";
		};
		0F480AEE25D2868C000458ED /* FontAwesome */ = {
			isa = PBXGroup;
			children = (
				0F480AEF25D2868C000458ED /* FontAwesomeBarButtonItem.swift */,
				0F480AF025D2868C000458ED /* FontAwesomeSegmentedControl.swift */,
				0F480AF125D2868C000458ED /* FontAwesomeView.swift */,
				0F480AF225D2868C000458ED /* FontAwesomeExtension.swift */,
				0F480AF325D2868C000458ED /* FontAwesomeTabBarItem.swift */,
				0F480AF425D2868C000458ED /* FontAwesomeImageRepresentable.swift */,
				0F480AF525D2868C000458ED /* FontAwesomeImageView.swift */,
				0F480AF625D2868C000458ED /* Font Awesome 5 Brands-Regular-400.otf */,
				0F480AF725D2868C000458ED /* Font Awesome 5 Free-Solid-900.otf */,
				0F480AF825D2868C000458ED /* FontAwesomeTextRepresentable.swift */,
				0F480AF925D2868C000458ED /* Font Awesome 5 Free-Regular-400.otf */,
				0F480AFA25D2868C000458ED /* FontAwesome.swift */,
				0F480AFB25D2868C000458ED /* FontAwesomeStateRequirement.swift */,
				0F480AFC25D2868C000458ED /* Enum.swift */,
			);
			path = FontAwesome;
			sourceTree = "<group>";
		};
		0FDDFE3F22FA96D800759006 /* ViewModel */ = {
			isa = PBXGroup;
			children = (
				0FDDFE4022FA96F100759006 /* WordViewModel.swift */,
				0FEED2762352B21B00F6031A /* SettingViewModel.swift */,
				0FEED2782352B23100F6031A /* DetailSettingViewModel.swift */,
			);
			name = ViewModel;
			sourceTree = "<group>";
		};
		630DE52528BB3D4D009AF74A /* SwiftUI */ = {
			isa = PBXGroup;
			children = (
				630DE52628BB3D81009AF74A /* WordView.swift */,
			);
			path = SwiftUI;
			sourceTree = "<group>";
		};
		6327B59C1D4DB462009F0683 /* Controller */ = {
			isa = PBXGroup;
			children = (
				63458E7C1BA7CE9700D4A48D /* WordViewController.swift */,
				638FF3601C48A16C00A5D366 /* SettingViewController.swift */,
				631B79CB1C771E1A009FBA45 /* DetailSettingTableViewController.swift */,
			);
			name = Controller;
			sourceTree = "<group>";
		};
		63458E6C1BA7CE9700D4A48D = {
			isa = PBXGroup;
			children = (
				0F480AEC25D2868C000458ED /* FontAwesome.swift */,
				63458E771BA7CE9700D4A48D /* ChineseWordCard */,
				63458E761BA7CE9700D4A48D /* Products */,
				D537103A42283B907FE93EBF /* Frameworks */,
			);
			sourceTree = "<group>";
		};
		63458E761BA7CE9700D4A48D /* Products */ = {
			isa = PBXGroup;
			children = (
				63458E751BA7CE9700D4A48D /* ChineseWordCard.app */,
			);
			name = Products;
			sourceTree = "<group>";
		};
		63458E771BA7CE9700D4A48D /* ChineseWordCard */ = {
			isa = PBXGroup;
			children = (
				630DE52528BB3D4D009AF74A /* SwiftUI */,
				630EB287237D7CB600E562CA /* ChineseWordCard.entitlements */,
				63F086B8230938FA002F01E4 /* Extension */,
				6327B59C1D4DB462009F0683 /* Controller */,
				63C9FE0C1D0020560094164E /* View */,
				0FDDFE3F22FA96D800759006 /* ViewModel */,
				63C9FE0B1D00202C0094164E /* Model */,
				63458E7A1BA7CE9700D4A48D /* AppDelegate.swift */,
				63458E811BA7CE9700D4A48D /* Images.xcassets */,
				63458E781BA7CE9700D4A48D /* Supporting Files */,
			);
			path = ChineseWordCard;
			sourceTree = "<group>";
		};
		63458E781BA7CE9700D4A48D /* Supporting Files */ = {
			isa = PBXGroup;
			children = (
				63A7C8501BB58C1B007548BB /* word.txt */,
				639705E61D9E9CC400C52A9D /* Info.plist */,
				63617CCF2216A426004C35F8 /* Localizable.strings */,
			);
			name = "Supporting Files";
			sourceTree = "<group>";
		};
		63C9FE0B1D00202C0094164E /* Model */ = {
			isa = PBXGroup;
			children = (
				63D542551C52177900E1937B /* AppInfo.swift */,
				634AF3E31D2CEF1B00C3BE99 /* EnumInfo.swift */,
				63C8DB8C1D03322500FAEC52 /* SpeechInfo.swift */,
				63C8DB8A1D02966200FAEC52 /* LanguageInfo.swift */,
				63C8DB8E1D03344600FAEC52 /* SortInfo.swift */,
				631CE02F1CF9D76C0036DE72 /* SettingData.swift */,
				6321B9F51C05E70F00E2186C /* ChineseWord.swift */,
			);
			name = Model;
			sourceTree = "<group>";
		};
		63C9FE0C1D0020560094164E /* View */ = {
			isa = PBXGroup;
			children = (
				639705E81D9E9D9000C52A9D /* LaunchScreen.xib */,
				638A50C4221854150049B2B7 /* Main.storyboard */,
			);
			name = View;
			sourceTree = "<group>";
		};
		63F086B8230938FA002F01E4 /* Extension */ = {
			isa = PBXGroup;
			children = (
				63F086B923093931002F01E4 /* UIButton.swift */,
			);
			name = Extension;
			sourceTree = "<group>";
		};
		D537103A42283B907FE93EBF /* Frameworks */ = {
			isa = PBXGroup;
			children = (
				63D097EF1BABE19100ABC6EA /* UIKit.framework */,
				63D097ED1BABE16500ABC6EA /* AVFoundation.framework */,
				630EB296237D7D7000E562CA /* IntentsUI.framework */,
			);
			name = Frameworks;
			sourceTree = "<group>";
		};
/* End PBXGroup section */

/* Begin PBXNativeTarget section */
		63458E741BA7CE9700D4A48D /* ChineseWordCard */ = {
			isa = PBXNativeTarget;
			buildConfigurationList = 63458E941BA7CE9700D4A48D /* Build configuration list for PBXNativeTarget "ChineseWordCard" */;
			buildPhases = (
				63458E711BA7CE9700D4A48D /* Sources */,
				63458E721BA7CE9700D4A48D /* Frameworks */,
				63458E731BA7CE9700D4A48D /* Resources */,
				639DFA241F8DC41C00B23F99 /* ShellScript */,
				630EB2AB237D7D7000E562CA /* Embed App Extensions */,
			);
			buildRules = (
			);
			dependencies = (
			);
			name = ChineseWordCard;
			packageProductDependencies = (
				0F480A9F25D28022000458ED /* RealmSwift */,
				0F480AA125D28022000458ED /* Realm */,
				0F480AB325D280A3000458ED /* RxCocoa */,
				0F480AB525D280A3000458ED /* RxSwift */,
			);
			productName = ChineseWordCard;
			productReference = 63458E751BA7CE9700D4A48D /* ChineseWordCard.app */;
			productType = "com.apple.product-type.application";
		};
/* End PBXNativeTarget section */

/* Begin PBXProject section */
		63458E6D1BA7CE9700D4A48D /* Project object */ = {
			isa = PBXProject;
			attributes = {
				LastSwiftUpdateCheck = 1120;
				LastUpgradeCheck = 1220;
				ORGANIZATIONNAME = VerandaStudio;
				TargetAttributes = {
					63458E741BA7CE9700D4A48D = {
						CreatedOnToolsVersion = 6.4;
						LastSwiftMigration = 1020;
						ProvisioningStyle = Automatic;
						SystemCapabilities = {
							com.apple.BackgroundModes = {
								enabled = 1;
							};
						};
					};
				};
			};
			buildConfigurationList = 63458E701BA7CE9700D4A48D /* Build configuration list for PBXProject "ChineseWordCard" */;
			compatibilityVersion = "Xcode 11.0";
			developmentRegion = en;
			hasScannedForEncodings = 0;
			knownRegions = (
				en,
				Base,
				ko,
			);
			mainGroup = 63458E6C1BA7CE9700D4A48D;
			packageReferences = (
				0F480A9E25D28022000458ED /* XCRemoteSwiftPackageReference "realm-cocoa" */,
				0F480AB225D280A3000458ED /* XCRemoteSwiftPackageReference "RxSwift" */,
			);
			productRefGroup = 63458E761BA7CE9700D4A48D /* Products */;
			projectDirPath = "";
			projectRoot = "";
			targets = (
				63458E741BA7CE9700D4A48D /* ChineseWordCard */,
			);
		};
/* End PBXProject section */

/* Begin PBXResourcesBuildPhase section */
		63458E731BA7CE9700D4A48D /* Resources */ = {
			isa = PBXResourcesBuildPhase;
			buildActionMask = 2147483647;
			files = (
				0F480AFE25D2868C000458ED /* LICENSE in Resources */,
				63617CCD2216A426004C35F8 /* Localizable.strings in Resources */,
				0F480B0D25D2868C000458ED /* README.md in Resources */,
				639705EA1D9E9D9000C52A9D /* LaunchScreen.xib in Resources */,
				638A50C2221854150049B2B7 /* Main.storyboard in Resources */,
				63A7C8511BB58C1B007548BB /* word.txt in Resources */,
				0F480B0625D2868C000458ED /* Font Awesome 5 Brands-Regular-400.otf in Resources */,
				63458E821BA7CE9700D4A48D /* Images.xcassets in Resources */,
				0F480B0925D2868C000458ED /* Font Awesome 5 Free-Regular-400.otf in Resources */,
				0F480B0725D2868C000458ED /* Font Awesome 5 Free-Solid-900.otf in Resources */,
			);
			runOnlyForDeploymentPostprocessing = 0;
		};
/* End PBXResourcesBuildPhase section */

/* Begin PBXShellScriptBuildPhase section */
		639DFA241F8DC41C00B23F99 /* ShellScript */ = {
			isa = PBXShellScriptBuildPhase;
			buildActionMask = 2147483647;
			files = (
			);
			inputPaths = (
			);
			outputPaths = (
			);
			runOnlyForDeploymentPostprocessing = 0;
			shellPath = /bin/sh;
			shellScript = "#${PODS_ROOT}/SwiftLint/swiftlint\n";
		};
/* End PBXShellScriptBuildPhase section */

/* Begin PBXSourcesBuildPhase section */
		63458E711BA7CE9700D4A48D /* Sources */ = {
			isa = PBXSourcesBuildPhase;
			buildActionMask = 2147483647;
			files = (
				63458E7D1BA7CE9700D4A48D /* WordViewController.swift in Sources */,
				0F480B0825D2868C000458ED /* FontAwesomeTextRepresentable.swift in Sources */,
				0F480B0525D2868C000458ED /* FontAwesomeImageView.swift in Sources */,
				0F480B0325D2868C000458ED /* FontAwesomeTabBarItem.swift in Sources */,
				0F480B0A25D2868C000458ED /* FontAwesome.swift in Sources */,
				630DE52728BB3D81009AF74A /* WordView.swift in Sources */,
				0F480AFF25D2868C000458ED /* FontAwesomeBarButtonItem.swift in Sources */,
				0F480B0025D2868C000458ED /* FontAwesomeSegmentedControl.swift in Sources */,
				0F480B0425D2868C000458ED /* FontAwesomeImageRepresentable.swift in Sources */,
				0F480B0225D2868C000458ED /* FontAwesomeExtension.swift in Sources */,
				0FEED2772352B21B00F6031A /* SettingViewModel.swift in Sources */,
				63F086BA23093931002F01E4 /* UIButton.swift in Sources */,
				0F480B0125D2868C000458ED /* FontAwesomeView.swift in Sources */,
				0F480B0B25D2868C000458ED /* FontAwesomeStateRequirement.swift in Sources */,
				63C8DB8B1D02966200FAEC52 /* LanguageInfo.swift in Sources */,
				631CE0301CF9D76C0036DE72 /* SettingData.swift in Sources */,
				63458E7B1BA7CE9700D4A48D /* AppDelegate.swift in Sources */,
				634AF3E41D2CEF1B00C3BE99 /* EnumInfo.swift in Sources */,
				6321B9F61C05E70F00E2186C /* ChineseWord.swift in Sources */,
				0FDDFE4122FA96F100759006 /* WordViewModel.swift in Sources */,
				631B79CC1C771E1A009FBA45 /* DetailSettingTableViewController.swift in Sources */,
				0F480B0C25D2868C000458ED /* Enum.swift in Sources */,
				63C8DB8F1D03344600FAEC52 /* SortInfo.swift in Sources */,
				63C8DB8D1D03322500FAEC52 /* SpeechInfo.swift in Sources */,
				638FF3611C48A16C00A5D366 /* SettingViewController.swift in Sources */,
				0FEED2792352B23100F6031A /* DetailSettingViewModel.swift in Sources */,
				63D542561C52177900E1937B /* AppInfo.swift in Sources */,
			);
			runOnlyForDeploymentPostprocessing = 0;
		};
/* End PBXSourcesBuildPhase section */

/* Begin PBXVariantGroup section */
		63617CCF2216A426004C35F8 /* Localizable.strings */ = {
			isa = PBXVariantGroup;
			children = (
				63617CCE2216A426004C35F8 /* en */,
				63617CD02216A43C004C35F8 /* ko */,
			);
			name = Localizable.strings;
			sourceTree = "<group>";
		};
		638A50C4221854150049B2B7 /* Main.storyboard */ = {
			isa = PBXVariantGroup;
			children = (
				0F39D71E2374F1E600C215BF /* Base */,
			);
			name = Main.storyboard;
			sourceTree = "<group>";
		};
/* End PBXVariantGroup section */

/* Begin XCBuildConfiguration section */
		63458E921BA7CE9700D4A48D /* Debug */ = {
			isa = XCBuildConfiguration;
			buildSettings = {
				ALWAYS_SEARCH_USER_PATHS = NO;
				CLANG_ANALYZER_LOCALIZABILITY_NONLOCALIZED = YES;
				CLANG_CXX_LANGUAGE_STANDARD = "gnu++0x";
				CLANG_CXX_LIBRARY = "libc++";
				CLANG_ENABLE_MODULES = YES;
				CLANG_ENABLE_OBJC_ARC = YES;
				CLANG_WARN_BLOCK_CAPTURE_AUTORELEASING = YES;
				CLANG_WARN_BOOL_CONVERSION = YES;
				CLANG_WARN_COMMA = YES;
				CLANG_WARN_CONSTANT_CONVERSION = YES;
				CLANG_WARN_DEPRECATED_OBJC_IMPLEMENTATIONS = YES;
				CLANG_WARN_DIRECT_OBJC_ISA_USAGE = YES_ERROR;
				CLANG_WARN_EMPTY_BODY = YES;
				CLANG_WARN_ENUM_CONVERSION = YES;
				CLANG_WARN_INFINITE_RECURSION = YES;
				CLANG_WARN_INT_CONVERSION = YES;
				CLANG_WARN_NON_LITERAL_NULL_CONVERSION = YES;
				CLANG_WARN_OBJC_IMPLICIT_RETAIN_SELF = YES;
				CLANG_WARN_OBJC_LITERAL_CONVERSION = YES;
				CLANG_WARN_OBJC_ROOT_CLASS = YES_ERROR;
				CLANG_WARN_QUOTED_INCLUDE_IN_FRAMEWORK_HEADER = YES;
				CLANG_WARN_RANGE_LOOP_ANALYSIS = YES;
				CLANG_WARN_STRICT_PROTOTYPES = YES;
				CLANG_WARN_SUSPICIOUS_MOVE = YES;
				CLANG_WARN_UNREACHABLE_CODE = YES;
				CLANG_WARN__DUPLICATE_METHOD_MATCH = YES;
				"CODE_SIGN_IDENTITY[sdk=iphoneos*]" = "iPhone Developer";
				COPY_PHASE_STRIP = NO;
				DEBUG_INFORMATION_FORMAT = "dwarf-with-dsym";
				ENABLE_STRICT_OBJC_MSGSEND = YES;
				ENABLE_TESTABILITY = YES;
				GCC_C_LANGUAGE_STANDARD = gnu99;
				GCC_DYNAMIC_NO_PIC = NO;
				GCC_NO_COMMON_BLOCKS = YES;
				GCC_OPTIMIZATION_LEVEL = 0;
				GCC_PREPROCESSOR_DEFINITIONS = (
					"DEBUG=1",
					"$(inherited)",
				);
				GCC_SYMBOLS_PRIVATE_EXTERN = NO;
				GCC_WARN_64_TO_32_BIT_CONVERSION = YES;
				GCC_WARN_ABOUT_RETURN_TYPE = YES_ERROR;
				GCC_WARN_UNDECLARED_SELECTOR = YES;
				GCC_WARN_UNINITIALIZED_AUTOS = YES_AGGRESSIVE;
				GCC_WARN_UNUSED_FUNCTION = YES;
				GCC_WARN_UNUSED_VARIABLE = YES;
				IPHONEOS_DEPLOYMENT_TARGET = 14.0;
				MTL_ENABLE_DEBUG_INFO = YES;
				ONLY_ACTIVE_ARCH = YES;
				SDKROOT = iphoneos;
				SWIFT_OPTIMIZATION_LEVEL = "-Onone";
				SWIFT_VERSION = 4.0;
			};
			name = Debug;
		};
		63458E931BA7CE9700D4A48D /* Release */ = {
			isa = XCBuildConfiguration;
			buildSettings = {
				ALWAYS_SEARCH_USER_PATHS = NO;
				CLANG_ANALYZER_LOCALIZABILITY_NONLOCALIZED = YES;
				CLANG_CXX_LANGUAGE_STANDARD = "gnu++0x";
				CLANG_CXX_LIBRARY = "libc++";
				CLANG_ENABLE_MODULES = YES;
				CLANG_ENABLE_OBJC_ARC = YES;
				CLANG_WARN_BLOCK_CAPTURE_AUTORELEASING = YES;
				CLANG_WARN_BOOL_CONVERSION = YES;
				CLANG_WARN_COMMA = YES;
				CLANG_WARN_CONSTANT_CONVERSION = YES;
				CLANG_WARN_DEPRECATED_OBJC_IMPLEMENTATIONS = YES;
				CLANG_WARN_DIRECT_OBJC_ISA_USAGE = YES_ERROR;
				CLANG_WARN_EMPTY_BODY = YES;
				CLANG_WARN_ENUM_CONVERSION = YES;
				CLANG_WARN_INFINITE_RECURSION = YES;
				CLANG_WARN_INT_CONVERSION = YES;
				CLANG_WARN_NON_LITERAL_NULL_CONVERSION = YES;
				CLANG_WARN_OBJC_IMPLICIT_RETAIN_SELF = YES;
				CLANG_WARN_OBJC_LITERAL_CONVERSION = YES;
				CLANG_WARN_OBJC_ROOT_CLASS = YES_ERROR;
				CLANG_WARN_QUOTED_INCLUDE_IN_FRAMEWORK_HEADER = YES;
				CLANG_WARN_RANGE_LOOP_ANALYSIS = YES;
				CLANG_WARN_STRICT_PROTOTYPES = YES;
				CLANG_WARN_SUSPICIOUS_MOVE = YES;
				CLANG_WARN_UNREACHABLE_CODE = YES;
				CLANG_WARN__DUPLICATE_METHOD_MATCH = YES;
				"CODE_SIGN_IDENTITY[sdk=iphoneos*]" = "iPhone Developer";
				COPY_PHASE_STRIP = NO;
				DEBUG_INFORMATION_FORMAT = "dwarf-with-dsym";
				ENABLE_NS_ASSERTIONS = NO;
				ENABLE_STRICT_OBJC_MSGSEND = YES;
				GCC_C_LANGUAGE_STANDARD = gnu99;
				GCC_NO_COMMON_BLOCKS = YES;
				GCC_WARN_64_TO_32_BIT_CONVERSION = YES;
				GCC_WARN_ABOUT_RETURN_TYPE = YES_ERROR;
				GCC_WARN_UNDECLARED_SELECTOR = YES;
				GCC_WARN_UNINITIALIZED_AUTOS = YES_AGGRESSIVE;
				GCC_WARN_UNUSED_FUNCTION = YES;
				GCC_WARN_UNUSED_VARIABLE = YES;
				IPHONEOS_DEPLOYMENT_TARGET = 14.0;
				MTL_ENABLE_DEBUG_INFO = NO;
				SDKROOT = iphoneos;
				SWIFT_COMPILATION_MODE = wholemodule;
				SWIFT_OPTIMIZATION_LEVEL = "-O";
				SWIFT_VERSION = 4.0;
				VALIDATE_PRODUCT = YES;
			};
			name = Release;
		};
		63458E951BA7CE9700D4A48D /* Debug */ = {
			isa = XCBuildConfiguration;
			buildSettings = {
				ALWAYS_EMBED_SWIFT_STANDARD_LIBRARIES = YES;
				ASSETCATALOG_COMPILER_APPICON_NAME = AppIcon;
				CODE_SIGN_ENTITLEMENTS = ChineseWordCard/ChineseWordCard.entitlements;
				CODE_SIGN_IDENTITY = "iPhone Developer";
				"CODE_SIGN_IDENTITY[sdk=iphoneos*]" = "iPhone Developer";
				CURRENT_PROJECT_VERSION = 9;
				DEFINES_MODULE = YES;
				DEVELOPMENT_TEAM = "";
				ENABLE_BITCODE = YES;
				ENABLE_TESTABILITY = YES;
				GCC_UNROLL_LOOPS = YES;
				INFOPLIST_FILE = "$(SRCROOT)/ChineseWordCard/Info.plist";
				IPHONEOS_DEPLOYMENT_TARGET = 13.0;
				LD_RUNPATH_SEARCH_PATHS = (
					"$(inherited)",
					"@executable_path/Frameworks",
				);
				LLVM_LTO = YES;
				MARKETING_VERSION = 1.6;
				OTHER_LDFLAGS = (
					"$(inherited)",
					"-l\"c++\"",
					"-l\"sqlite3\"",
					"-l\"z\"",
					"-ObjC",
				);
				PRODUCT_BUNDLE_IDENTIFIER = com.verandastudio.WordCard;
				PRODUCT_NAME = "$(TARGET_NAME)";
				PROVISIONING_PROFILE = "";
				PROVISIONING_PROFILE_SPECIFIER = "";
				SWIFT_SWIFT3_OBJC_INFERENCE = Off;
				SWIFT_VERSION = 5.0;
				TARGETED_DEVICE_FAMILY = "1,2";
				VALIDATE_WORKSPACE = YES;
			};
			name = Debug;
		};
		63458E961BA7CE9700D4A48D /* Release */ = {
			isa = XCBuildConfiguration;
			buildSettings = {
				ALWAYS_EMBED_SWIFT_STANDARD_LIBRARIES = YES;
				ASSETCATALOG_COMPILER_APPICON_NAME = AppIcon;
				CODE_SIGN_ENTITLEMENTS = ChineseWordCard/ChineseWordCard.entitlements;
				CODE_SIGN_IDENTITY = "iPhone Distribution";
				"CODE_SIGN_IDENTITY[sdk=iphoneos*]" = "iPhone Developer";
				CURRENT_PROJECT_VERSION = 9;
				DEVELOPMENT_TEAM = "";
				ENABLE_BITCODE = YES;
				ENABLE_TESTABILITY = NO;
				GCC_UNROLL_LOOPS = YES;
				INFOPLIST_FILE = "$(SRCROOT)/ChineseWordCard/Info.plist";
				IPHONEOS_DEPLOYMENT_TARGET = 13.0;
				LD_RUNPATH_SEARCH_PATHS = (
					"$(inherited)",
					"@executable_path/Frameworks",
				);
				LLVM_LTO = YES;
				MARKETING_VERSION = 1.6;
				ONLY_ACTIVE_ARCH = YES;
				OTHER_LDFLAGS = (
					"$(inherited)",
					"-l\"c++\"",
					"-l\"sqlite3\"",
					"-l\"z\"",
					"-ObjC",
				);
				PRODUCT_BUNDLE_IDENTIFIER = com.verandastudio.WordCard;
				PRODUCT_NAME = "$(TARGET_NAME)";
				PROVISIONING_PROFILE = "";
				PROVISIONING_PROFILE_SPECIFIER = "";
				SWIFT_SWIFT3_OBJC_INFERENCE = Off;
				SWIFT_VERSION = 5.0;
				TARGETED_DEVICE_FAMILY = "1,2";
				VALIDATE_WORKSPACE = YES;
			};
			name = Release;
		};
/* End XCBuildConfiguration section */

/* Begin XCConfigurationList section */
		63458E701BA7CE9700D4A48D /* Build configuration list for PBXProject "ChineseWordCard" */ = {
			isa = XCConfigurationList;
			buildConfigurations = (
				63458E921BA7CE9700D4A48D /* Debug */,
				63458E931BA7CE9700D4A48D /* Release */,
			);
			defaultConfigurationIsVisible = 0;
			defaultConfigurationName = Release;
		};
		63458E941BA7CE9700D4A48D /* Build configuration list for PBXNativeTarget "ChineseWordCard" */ = {
			isa = XCConfigurationList;
			buildConfigurations = (
				63458E951BA7CE9700D4A48D /* Debug */,
				63458E961BA7CE9700D4A48D /* Release */,
			);
			defaultConfigurationIsVisible = 0;
			defaultConfigurationName = Release;
		};
/* End XCConfigurationList section */

/* Begin XCRemoteSwiftPackageReference section */
		0F480A9E25D28022000458ED /* XCRemoteSwiftPackageReference "realm-cocoa" */ = {
			isa = XCRemoteSwiftPackageReference;
			repositoryURL = "https://github.com/realm/realm-cocoa";
			requirement = {
				kind = upToNextMajorVersion;
				minimumVersion = 10.19.0;
			};
		};
		0F480AB225D280A3000458ED /* XCRemoteSwiftPackageReference "RxSwift" */ = {
			isa = XCRemoteSwiftPackageReference;
			repositoryURL = "https://github.com/ReactiveX/RxSwift.git";
			requirement = {
				kind = exactVersion;
				version = 6.0.0;
			};
		};
/* End XCRemoteSwiftPackageReference section */

/* Begin XCSwiftPackageProductDependency section */
		0F480A9F25D28022000458ED /* RealmSwift */ = {
			isa = XCSwiftPackageProductDependency;
			package = 0F480A9E25D28022000458ED /* XCRemoteSwiftPackageReference "realm-cocoa" */;
			productName = RealmSwift;
		};
		0F480AA125D28022000458ED /* Realm */ = {
			isa = XCSwiftPackageProductDependency;
			package = 0F480A9E25D28022000458ED /* XCRemoteSwiftPackageReference "realm-cocoa" */;
			productName = Realm;
		};
		0F480AB325D280A3000458ED /* RxCocoa */ = {
			isa = XCSwiftPackageProductDependency;
			package = 0F480AB225D280A3000458ED /* XCRemoteSwiftPackageReference "RxSwift" */;
			productName = RxCocoa;
		};
		0F480AB525D280A3000458ED /* RxSwift */ = {
			isa = XCSwiftPackageProductDependency;
			package = 0F480AB225D280A3000458ED /* XCRemoteSwiftPackageReference "RxSwift" */;
			productName = RxSwift;
		};
/* End XCSwiftPackageProductDependency section */
	};
	rootObject = 63458E6D1BA7CE9700D4A48D /* Project object */;
}
